
Microsoft Visual Studio Solution File, Format Version 12.00
# Visual Studio Version 16
VisualStudioVersion = 16.6.30114.105
MinimumVisualStudioVersion = 10.0.40219.1
Project("{FAE04EC0-301F-11D3-BF4B-00C04F79EFBC}") = "AppStruct.Domain.Common.Models", "AppStruct.Domain.Common.Models\AppStruct.Domain.Common.Models.csproj", "{96DD50C7-6033-45D6-8649-93A057F0CF83}"
EndProject
Project("{FAE04EC0-301F-11D3-BF4B-00C04F79EFBC}") = "AppStruct.Domain.Parametros.Model", "AppStruct.Domain.Parametros.Model\AppStruct.Domain.Parametros.Model.csproj", "{64244606-7154-49BC-8455-EB8B35FD976C}"
EndProject
Project("{FAE04EC0-301F-11D3-BF4B-00C04F79EFBC}") = "AppStruct.Domain.Parametros.Service", "AppStruct.Domain.Parametros.Service\AppStruct.Domain.Parametros.Service.csproj", "{1D807CBE-8934-4C96-A546-CAD88C6D4D8E}"
EndProject
Project("{FAE04EC0-301F-11D3-BF4B-00C04F79EFBC}") = "AppStruct.Domain.Parametros.Repository", "AppStruct.Domain.Parametros.Repository\AppStruct.Domain.Parametros.Repository.csproj", "{0FE40856-2EBE-4915-BC7C-120AB52CD427}"
EndProject
Project("{FAE04EC0-301F-11D3-BF4B-00C04F79EFBC}") = "AppStruct.Domain.Parametros.Application", "AppStruct.Domain.Parametros.Application\AppStruct.Domain.Parametros.Application.csproj", "{9017CA8C-F1F4-4FE6-9F05-616F7AD26C22}"
EndProject
Project("{FAE04EC0-301F-11D3-BF4B-00C04F79EFBC}") = "AppStruct.Service.Parametros", "AppStruct.Service.Parametros\AppStruct.Service.Parametros.csproj", "{6AF16242-CB7B-48B2-A078-1DED12D34EBD}"
EndProject
Project("{FAE04EC0-301F-11D3-BF4B-00C04F79EFBC}") = "AppStruct.Domain.Common.Service", "AppStruct.Domain.Common.Service\AppStruct.Domain.Common.Service.csproj", "{A51770B7-7720-4C04-80A5-AACCD6C24307}"
EndProject
Project("{FAE04EC0-301F-11D3-BF4B-00C04F79EFBC}") = "PlatStruct.Repository.Parametros.EF", "PlatStruct.Repository.Parametros.EF\PlatStruct.Repository.Parametros.EF.csproj", "{23DA4E5D-746C-43A6-9F70-254776466396}"
EndProject
Global
	GlobalSection(SolutionConfigurationPlatforms) = preSolution
		Debug|Any CPU = Debug|Any CPU
		Debug|x64 = Debug|x64
		Debug|x86 = Debug|x86
		Release|Any CPU = Release|Any CPU
		Release|x64 = Release|x64
		Release|x86 = Release|x86
	EndGlobalSection
	GlobalSection(SolutionProperties) = preSolution
		HideSolutionNode = FALSE
	EndGlobalSection
	GlobalSection(ProjectConfigurationPlatforms) = postSolution
		{96DD50C7-6033-45D6-8649-93A057F0CF83}.Debug|Any CPU.ActiveCfg = Debug|Any CPU
		{96DD50C7-6033-45D6-8649-93A057F0CF83}.Debug|Any CPU.Build.0 = Debug|Any CPU
		{96DD50C7-6033-45D6-8649-93A057F0CF83}.Debug|x64.ActiveCfg = Debug|Any CPU
		{96DD50C7-6033-45D6-8649-93A057F0CF83}.Debug|x64.Build.0 = Debug|Any CPU
		{96DD50C7-6033-45D6-8649-93A057F0CF83}.Debug|x86.ActiveCfg = Debug|Any CPU
		{96DD50C7-6033-45D6-8649-93A057F0CF83}.Debug|x86.Build.0 = Debug|Any CPU
		{96DD50C7-6033-45D6-8649-93A057F0CF83}.Release|Any CPU.ActiveCfg = Release|Any CPU
		{96DD50C7-6033-45D6-8649-93A057F0CF83}.Release|Any CPU.Build.0 = Release|Any CPU
		{96DD50C7-6033-45D6-8649-93A057F0CF83}.Release|x64.ActiveCfg = Release|Any CPU
		{96DD50C7-6033-45D6-8649-93A057F0CF83}.Release|x64.Build.0 = Release|Any CPU
		{96DD50C7-6033-45D6-8649-93A057F0CF83}.Release|x86.ActiveCfg = Release|Any CPU
		{96DD50C7-6033-45D6-8649-93A057F0CF83}.Release|x86.Build.0 = Release|Any CPU
		{64244606-7154-49BC-8455-EB8B35FD976C}.Debug|Any CPU.ActiveCfg = Debug|Any CPU
		{64244606-7154-49BC-8455-EB8B35FD976C}.Debug|Any CPU.Build.0 = Debug|Any CPU
		{64244606-7154-49BC-8455-EB8B35FD976C}.Debug|x64.ActiveCfg = Debug|Any CPU
		{64244606-7154-49BC-8455-EB8B35FD976C}.Debug|x64.Build.0 = Debug|Any CPU
		{64244606-7154-49BC-8455-EB8B35FD976C}.Debug|x86.ActiveCfg = Debug|Any CPU
		{64244606-7154-49BC-8455-EB8B35FD976C}.Debug|x86.Build.0 = Debug|Any CPU
		{64244606-7154-49BC-8455-EB8B35FD976C}.Release|Any CPU.ActiveCfg = Release|Any CPU
		{64244606-7154-49BC-8455-EB8B35FD976C}.Release|Any CPU.Build.0 = Release|Any CPU
		{64244606-7154-49BC-8455-EB8B35FD976C}.Release|x64.ActiveCfg = Release|Any CPU
		{64244606-7154-49BC-8455-EB8B35FD976C}.Release|x64.Build.0 = Release|Any CPU
		{64244606-7154-49BC-8455-EB8B35FD976C}.Release|x86.ActiveCfg = Release|Any CPU
		{64244606-7154-49BC-8455-EB8B35FD976C}.Release|x86.Build.0 = Release|Any CPU
		{1D807CBE-8934-4C96-A546-CAD88C6D4D8E}.Debug|Any CPU.ActiveCfg = Debug|Any CPU
		{1D807CBE-8934-4C96-A546-CAD88C6D4D8E}.Debug|Any CPU.Build.0 = Debug|Any CPU
		{1D807CBE-8934-4C96-A546-CAD88C6D4D8E}.Debug|x64.ActiveCfg = Debug|Any CPU
		{1D807CBE-8934-4C96-A546-CAD88C6D4D8E}.Debug|x64.Build.0 = Debug|Any CPU
		{1D807CBE-8934-4C96-A546-CAD88C6D4D8E}.Debug|x86.ActiveCfg = Debug|Any CPU
		{1D807CBE-8934-4C96-A546-CAD88C6D4D8E}.Debug|x86.Build.0 = Debug|Any CPU
		{1D807CBE-8934-4C96-A546-CAD88C6D4D8E}.Release|Any CPU.ActiveCfg = Release|Any CPU
		{1D807CBE-8934-4C96-A546-CAD88C6D4D8E}.Release|Any CPU.Build.0 = Release|Any CPU
		{1D807CBE-8934-4C96-A546-CAD88C6D4D8E}.Release|x64.ActiveCfg = Release|Any CPU
		{1D807CBE-8934-4C96-A546-CAD88C6D4D8E}.Release|x64.Build.0 = Release|Any CPU
		{1D807CBE-8934-4C96-A546-CAD88C6D4D8E}.Release|x86.ActiveCfg = Release|Any CPU
		{1D807CBE-8934-4C96-A546-CAD88C6D4D8E}.Release|x86.Build.0 = Release|Any CPU
		{0FE40856-2EBE-4915-BC7C-120AB52CD427}.Debug|Any CPU.ActiveCfg = Debug|Any CPU
		{0FE40856-2EBE-4915-BC7C-120AB52CD427}.Debug|Any CPU.Build.0 = Debug|Any CPU
		{0FE40856-2EBE-4915-BC7C-120AB52CD427}.Debug|x64.ActiveCfg = Debug|Any CPU
		{0FE40856-2EBE-4915-BC7C-120AB52CD427}.Debug|x64.Build.0 = Debug|Any CPU
		{0FE40856-2EBE-4915-BC7C-120AB52CD427}.Debug|x86.ActiveCfg = Debug|Any CPU
		{0FE40856-2EBE-4915-BC7C-120AB52CD427}.Debug|x86.Build.0 = Debug|Any CPU
		{0FE40856-2EBE-4915-BC7C-120AB52CD427}.Release|Any CPU.ActiveCfg = Release|Any CPU
		{0FE40856-2EBE-4915-BC7C-120AB52CD427}.Release|Any CPU.Build.0 = Release|Any CPU
		{0FE40856-2EBE-4915-BC7C-120AB52CD427}.Release|x64.ActiveCfg = Release|Any CPU
		{0FE40856-2EBE-4915-BC7C-120AB52CD427}.Release|x64.Build.0 = Release|Any CPU
		{0FE40856-2EBE-4915-BC7C-120AB52CD427}.Release|x86.ActiveCfg = Release|Any CPU
		{0FE40856-2EBE-4915-BC7C-120AB52CD427}.Release|x86.Build.0 = Release|Any CPU
		{9017CA8C-F1F4-4FE6-9F05-616F7AD26C22}.Debug|Any CPU.ActiveCfg = Debug|Any CPU
		{9017CA8C-F1F4-4FE6-9F05-616F7AD26C22}.Debug|Any CPU.Build.0 = Debug|Any CPU
		{9017CA8C-F1F4-4FE6-9F05-616F7AD26C22}.Debug|x64.ActiveCfg = Debug|Any CPU
		{9017CA8C-F1F4-4FE6-9F05-616F7AD26C22}.Debug|x64.Build.0 = Debug|Any CPU
		{9017CA8C-F1F4-4FE6-9F05-616F7AD26C22}.Debug|x86.ActiveCfg = Debug|Any CPU
		{9017CA8C-F1F4-4FE6-9F05-616F7AD26C22}.Debug|x86.Build.0 = Debug|Any CPU
		{9017CA8C-F1F4-4FE6-9F05-616F7AD26C22}.Release|Any CPU.ActiveCfg = Release|Any CPU
		{9017CA8C-F1F4-4FE6-9F05-616F7AD26C22}.Release|Any CPU.Build.0 = Release|Any CPU
		{9017CA8C-F1F4-4FE6-9F05-616F7AD26C22}.Release|x64.ActiveCfg = Release|Any CPU
		{9017CA8C-F1F4-4FE6-9F05-616F7AD26C22}.Release|x64.Build.0 = Release|Any CPU
		{9017CA8C-F1F4-4FE6-9F05-616F7AD26C22}.Release|x86.ActiveCfg = Release|Any CPU
		{9017CA8C-F1F4-4FE6-9F05-616F7AD26C22}.Release|x86.Build.0 = Release|Any CPU
		{6AF16242-CB7B-48B2-A078-1DED12D34EBD}.Debug|Any CPU.ActiveCfg = Debug|Any CPU
		{6AF16242-CB7B-48B2-A078-1DED12D34EBD}.Debug|Any CPU.Build.0 = Debug|Any CPU
		{6AF16242-CB7B-48B2-A078-1DED12D34EBD}.Debug|x64.ActiveCfg = Debug|Any CPU
		{6AF16242-CB7B-48B2-A078-1DED12D34EBD}.Debug|x64.Build.0 = Debug|Any CPU
		{6AF16242-CB7B-48B2-A078-1DED12D34EBD}.Debug|x86.ActiveCfg = Debug|Any CPU
		{6AF16242-CB7B-48B2-A078-1DED12D34EBD}.Debug|x86.Build.0 = Debug|Any CPU
		{6AF16242-CB7B-48B2-A078-1DED12D34EBD}.Release|Any CPU.ActiveCfg = Release|Any CPU
		{6AF16242-CB7B-48B2-A078-1DED12D34EBD}.Release|Any CPU.Build.0 = Release|Any CPU
		{6AF16242-CB7B-48B2-A078-1DED12D34EBD}.Release|x64.ActiveCfg = Release|Any CPU
		{6AF16242-CB7B-48B2-A078-1DED12D34EBD}.Release|x64.Build.0 = Release|Any CPU
		{6AF16242-CB7B-48B2-A078-1DED12D34EBD}.Release|x86.ActiveCfg = Release|Any CPU
		{6AF16242-CB7B-48B2-A078-1DED12D34EBD}.Release|x86.Build.0 = Release|Any CPU
		{A51770B7-7720-4C04-80A5-AACCD6C24307}.Debug|Any CPU.ActiveCfg = Debug|Any CPU
		{A51770B7-7720-4C04-80A5-AACCD6C24307}.Debug|Any CPU.Build.0 = Debug|Any CPU
		{A51770B7-7720-4C04-80A5-AACCD6C24307}.Debug|x64.ActiveCfg = Debug|Any CPU
		{A51770B7-7720-4C04-80A5-AACCD6C24307}.Debug|x64.Build.0 = Debug|Any CPU
		{A51770B7-7720-4C04-80A5-AACCD6C24307}.Debug|x86.ActiveCfg = Debug|Any CPU
		{A51770B7-7720-4C04-80A5-AACCD6C24307}.Debug|x86.Build.0 = Debug|Any CPU
		{A51770B7-7720-4C04-80A5-AACCD6C24307}.Release|Any CPU.ActiveCfg = Release|Any CPU
		{A51770B7-7720-4C04-80A5-AACCD6C24307}.Release|Any CPU.Build.0 = Release|Any CPU
		{A51770B7-7720-4C04-80A5-AACCD6C24307}.Release|x64.ActiveCfg = Release|Any CPU
		{A51770B7-7720-4C04-80A5-AACCD6C24307}.Release|x64.Build.0 = Release|Any CPU
		{A51770B7-7720-4C04-80A5-AACCD6C24307}.Release|x86.ActiveCfg = Release|Any CPU
		{A51770B7-7720-4C04-80A5-AACCD6C24307}.Release|x86.Build.0 = Release|Any CPU
		{23DA4E5D-746C-43A6-9F70-254776466396}.Debug|Any CPU.ActiveCfg = Debug|Any CPU
		{23DA4E5D-746C-43A6-9F70-254776466396}.Debug|Any CPU.Build.0 = Debug|Any CPU
		{23DA4E5D-746C-43A6-9F70-254776466396}.Debug|x64.ActiveCfg = Debug|Any CPU
		{23DA4E5D-746C-43A6-9F70-254776466396}.Debug|x64.Build.0 = Debug|Any CPU
		{23DA4E5D-746C-43A6-9F70-254776466396}.Debug|x86.ActiveCfg = Debug|Any CPU
		{23DA4E5D-746C-43A6-9F70-254776466396}.Debug|x86.Build.0 = Debug|Any CPU
		{23DA4E5D-746C-43A6-9F70-254776466396}.Release|Any CPU.ActiveCfg = Release|Any CPU
		{23DA4E5D-746C-43A6-9F70-254776466396}.Release|Any CPU.Build.0 = Release|Any CPU
		{23DA4E5D-746C-43A6-9F70-254776466396}.Release|x64.ActiveCfg = Release|Any CPU
		{23DA4E5D-746C-43A6-9F70-254776466396}.Release|x64.Build.0 = Release|Any CPU
		{23DA4E5D-746C-43A6-9F70-254776466396}.Release|x86.ActiveCfg = Release|Any CPU
		{23DA4E5D-746C-43A6-9F70-254776466396}.Release|x86.Build.0 = Release|Any CPU
	EndGlobalSection
EndGlobal
