
Microsoft Visual Studio Solution File, Format Version 12.00
# Visual Studio 15
VisualStudioVersion = 15.0.26124.0
MinimumVisualStudioVersion = 15.0.26124.0
Project("{2150E333-8FDC-42A3-9474-1A3956D46DE8}") = "01.Core", "01.Core", "{C2242246-3AE1-47D5-9757-C8A5A30E0629}"
EndProject
Project("{FAE04EC0-301F-11D3-BF4B-00C04F79EFBC}") = "Kash.Core.Models", "Kash.Core.Models\Kash.Core.Models.csproj", "{67D701BA-5C25-486F-BD44-47C3E4FCD347}"
EndProject
Project("{FAE04EC0-301F-11D3-BF4B-00C04F79EFBC}") = "Kash.Core.Interfaces", "Kash.Core.Interfaces\Kash.Core.Interfaces.csproj", "{7378DFA2-107B-4D9E-A7CA-F81FAED9E573}"
EndProject
Project("{FAE04EC0-301F-11D3-BF4B-00C04F79EFBC}") = "Kash.Core.ServiceInterfaces", "Kash.Core.ServiceInterfaces\Kash.Core.ServiceInterfaces.csproj", "{265A3CBB-5123-4F73-97CD-40599019EEC3}"
EndProject
Project("{2150E333-8FDC-42A3-9474-1A3956D46DE8}") = "05.UnitTests", "05.UnitTests", "{C554AD68-7DFA-4906-9B8F-3F339D27D5E1}"
EndProject
Project("{FAE04EC0-301F-11D3-BF4B-00C04F79EFBC}") = "Kash.Core.ServiceInterfaces.UTests", "Kash.Core.ServiceInterfaces.UTests\Kash.Core.ServiceInterfaces.UTests.csproj", "{B6B33BF0-A8B6-486A-955E-EDD5D77839ED}"
EndProject
Project("{2150E333-8FDC-42A3-9474-1A3956D46DE8}") = "04.Clients", "04.Clients", "{F5ADCA3F-78C7-4F5C-A3AE-416AB26DD9ED}"
EndProject
Project("{FAE04EC0-301F-11D3-BF4B-00C04F79EFBC}") = "Kash.Clients.WebAPI", "Kash.Clients.WebAPI\Kash.Clients.WebAPI.csproj", "{7D108253-86B0-47B9-BC0D-43E35809E2B9}"
EndProject
Global
	GlobalSection(SolutionConfigurationPlatforms) = preSolution
		Debug|Any CPU = Debug|Any CPU
		Debug|x64 = Debug|x64
		Debug|x86 = Debug|x86
		Release|Any CPU = Release|Any CPU
		Release|x64 = Release|x64
		Release|x86 = Release|x86
	EndGlobalSection
	GlobalSection(SolutionProperties) = preSolution
		HideSolutionNode = FALSE
	EndGlobalSection
	GlobalSection(ProjectConfigurationPlatforms) = postSolution
		{67D701BA-5C25-486F-BD44-47C3E4FCD347}.Debug|Any CPU.ActiveCfg = Debug|Any CPU
		{67D701BA-5C25-486F-BD44-47C3E4FCD347}.Debug|Any CPU.Build.0 = Debug|Any CPU
		{67D701BA-5C25-486F-BD44-47C3E4FCD347}.Debug|x64.ActiveCfg = Debug|Any CPU
		{67D701BA-5C25-486F-BD44-47C3E4FCD347}.Debug|x64.Build.0 = Debug|Any CPU
		{67D701BA-5C25-486F-BD44-47C3E4FCD347}.Debug|x86.ActiveCfg = Debug|Any CPU
		{67D701BA-5C25-486F-BD44-47C3E4FCD347}.Debug|x86.Build.0 = Debug|Any CPU
		{67D701BA-5C25-486F-BD44-47C3E4FCD347}.Release|Any CPU.ActiveCfg = Release|Any CPU
		{67D701BA-5C25-486F-BD44-47C3E4FCD347}.Release|Any CPU.Build.0 = Release|Any CPU
		{67D701BA-5C25-486F-BD44-47C3E4FCD347}.Release|x64.ActiveCfg = Release|Any CPU
		{67D701BA-5C25-486F-BD44-47C3E4FCD347}.Release|x64.Build.0 = Release|Any CPU
		{67D701BA-5C25-486F-BD44-47C3E4FCD347}.Release|x86.ActiveCfg = Release|Any CPU
		{67D701BA-5C25-486F-BD44-47C3E4FCD347}.Release|x86.Build.0 = Release|Any CPU
		{7378DFA2-107B-4D9E-A7CA-F81FAED9E573}.Debug|Any CPU.ActiveCfg = Debug|Any CPU
		{7378DFA2-107B-4D9E-A7CA-F81FAED9E573}.Debug|Any CPU.Build.0 = Debug|Any CPU
		{7378DFA2-107B-4D9E-A7CA-F81FAED9E573}.Debug|x64.ActiveCfg = Debug|Any CPU
		{7378DFA2-107B-4D9E-A7CA-F81FAED9E573}.Debug|x64.Build.0 = Debug|Any CPU
		{7378DFA2-107B-4D9E-A7CA-F81FAED9E573}.Debug|x86.ActiveCfg = Debug|Any CPU
		{7378DFA2-107B-4D9E-A7CA-F81FAED9E573}.Debug|x86.Build.0 = Debug|Any CPU
		{7378DFA2-107B-4D9E-A7CA-F81FAED9E573}.Release|Any CPU.ActiveCfg = Release|Any CPU
		{7378DFA2-107B-4D9E-A7CA-F81FAED9E573}.Release|Any CPU.Build.0 = Release|Any CPU
		{7378DFA2-107B-4D9E-A7CA-F81FAED9E573}.Release|x64.ActiveCfg = Release|Any CPU
		{7378DFA2-107B-4D9E-A7CA-F81FAED9E573}.Release|x64.Build.0 = Release|Any CPU
		{7378DFA2-107B-4D9E-A7CA-F81FAED9E573}.Release|x86.ActiveCfg = Release|Any CPU
		{7378DFA2-107B-4D9E-A7CA-F81FAED9E573}.Release|x86.Build.0 = Release|Any CPU
		{265A3CBB-5123-4F73-97CD-40599019EEC3}.Debug|Any CPU.ActiveCfg = Debug|Any CPU
		{265A3CBB-5123-4F73-97CD-40599019EEC3}.Debug|Any CPU.Build.0 = Debug|Any CPU
		{265A3CBB-5123-4F73-97CD-40599019EEC3}.Debug|x64.ActiveCfg = Debug|Any CPU
		{265A3CBB-5123-4F73-97CD-40599019EEC3}.Debug|x64.Build.0 = Debug|Any CPU
		{265A3CBB-5123-4F73-97CD-40599019EEC3}.Debug|x86.ActiveCfg = Debug|Any CPU
		{265A3CBB-5123-4F73-97CD-40599019EEC3}.Debug|x86.Build.0 = Debug|Any CPU
		{265A3CBB-5123-4F73-97CD-40599019EEC3}.Release|Any CPU.ActiveCfg = Release|Any CPU
		{265A3CBB-5123-4F73-97CD-40599019EEC3}.Release|Any CPU.Build.0 = Release|Any CPU
		{265A3CBB-5123-4F73-97CD-40599019EEC3}.Release|x64.ActiveCfg = Release|Any CPU
		{265A3CBB-5123-4F73-97CD-40599019EEC3}.Release|x64.Build.0 = Release|Any CPU
		{265A3CBB-5123-4F73-97CD-40599019EEC3}.Release|x86.ActiveCfg = Release|Any CPU
		{265A3CBB-5123-4F73-97CD-40599019EEC3}.Release|x86.Build.0 = Release|Any CPU
		{B6B33BF0-A8B6-486A-955E-EDD5D77839ED}.Debug|Any CPU.ActiveCfg = Debug|Any CPU
		{B6B33BF0-A8B6-486A-955E-EDD5D77839ED}.Debug|Any CPU.Build.0 = Debug|Any CPU
		{B6B33BF0-A8B6-486A-955E-EDD5D77839ED}.Debug|x64.ActiveCfg = Debug|Any CPU
		{B6B33BF0-A8B6-486A-955E-EDD5D77839ED}.Debug|x64.Build.0 = Debug|Any CPU
		{B6B33BF0-A8B6-486A-955E-EDD5D77839ED}.Debug|x86.ActiveCfg = Debug|Any CPU
		{B6B33BF0-A8B6-486A-955E-EDD5D77839ED}.Debug|x86.Build.0 = Debug|Any CPU
		{B6B33BF0-A8B6-486A-955E-EDD5D77839ED}.Release|Any CPU.ActiveCfg = Release|Any CPU
		{B6B33BF0-A8B6-486A-955E-EDD5D77839ED}.Release|Any CPU.Build.0 = Release|Any CPU
		{B6B33BF0-A8B6-486A-955E-EDD5D77839ED}.Release|x64.ActiveCfg = Release|Any CPU
		{B6B33BF0-A8B6-486A-955E-EDD5D77839ED}.Release|x64.Build.0 = Release|Any CPU
		{B6B33BF0-A8B6-486A-955E-EDD5D77839ED}.Release|x86.ActiveCfg = Release|Any CPU
		{B6B33BF0-A8B6-486A-955E-EDD5D77839ED}.Release|x86.Build.0 = Release|Any CPU
		{7D108253-86B0-47B9-BC0D-43E35809E2B9}.Debug|Any CPU.ActiveCfg = Debug|Any CPU
		{7D108253-86B0-47B9-BC0D-43E35809E2B9}.Debug|Any CPU.Build.0 = Debug|Any CPU
		{7D108253-86B0-47B9-BC0D-43E35809E2B9}.Debug|x64.ActiveCfg = Debug|Any CPU
		{7D108253-86B0-47B9-BC0D-43E35809E2B9}.Debug|x64.Build.0 = Debug|Any CPU
		{7D108253-86B0-47B9-BC0D-43E35809E2B9}.Debug|x86.ActiveCfg = Debug|Any CPU
		{7D108253-86B0-47B9-BC0D-43E35809E2B9}.Debug|x86.Build.0 = Debug|Any CPU
		{7D108253-86B0-47B9-BC0D-43E35809E2B9}.Release|Any CPU.ActiveCfg = Release|Any CPU
		{7D108253-86B0-47B9-BC0D-43E35809E2B9}.Release|Any CPU.Build.0 = Release|Any CPU
		{7D108253-86B0-47B9-BC0D-43E35809E2B9}.Release|x64.ActiveCfg = Release|Any CPU
		{7D108253-86B0-47B9-BC0D-43E35809E2B9}.Release|x64.Build.0 = Release|Any CPU
		{7D108253-86B0-47B9-BC0D-43E35809E2B9}.Release|x86.ActiveCfg = Release|Any CPU
		{7D108253-86B0-47B9-BC0D-43E35809E2B9}.Release|x86.Build.0 = Release|Any CPU
	EndGlobalSection
	GlobalSection(NestedProjects) = preSolution
		{67D701BA-5C25-486F-BD44-47C3E4FCD347} = {C2242246-3AE1-47D5-9757-C8A5A30E0629}
		{7378DFA2-107B-4D9E-A7CA-F81FAED9E573} = {C2242246-3AE1-47D5-9757-C8A5A30E0629}
		{265A3CBB-5123-4F73-97CD-40599019EEC3} = {C2242246-3AE1-47D5-9757-C8A5A30E0629}
		{B6B33BF0-A8B6-486A-955E-EDD5D77839ED} = {C554AD68-7DFA-4906-9B8F-3F339D27D5E1}
		{7D108253-86B0-47B9-BC0D-43E35809E2B9} = {F5ADCA3F-78C7-4F5C-A3AE-416AB26DD9ED}
	EndGlobalSection
EndGlobal
