
Microsoft Visual Studio Solution File, Format Version 12.00
# Visual Studio 15
VisualStudioVersion = 15.0.26124.0
MinimumVisualStudioVersion = 15.0.26124.0
Project("{FAE04EC0-301F-11D3-BF4B-00C04F79EFBC}") = "CashFlow.API", "code\CashFlow.API\CashFlow.API.csproj", "{89E3962F-4011-4CA9-9351-D8C9A596AF58}"
EndProject
Project("{2150E333-8FDC-42A3-9474-1A3956D46DE8}") = "test", "test", "{86A707A5-3B4C-46CF-B0F3-4B3660781E75}"
EndProject
Project("{FAE04EC0-301F-11D3-BF4B-00C04F79EFBC}") = "CashFlow.UTests", "test\CashFlow.UTests\CashFlow.UTests.csproj", "{F5396D73-2892-4775-B3DF-9E614ADC355D}"
EndProject
Project("{2150E333-8FDC-42A3-9474-1A3956D46DE8}") = "code", "code", "{A14157B2-7CA8-4DEF-9308-A00B31137E02}"
EndProject
Project("{FAE04EC0-301F-11D3-BF4B-00C04F79EFBC}") = "CashFlow.Core", "code\CashFlow.Core\CashFlow.Core.csproj", "{C7672700-2267-4291-8B91-1E23499FA313}"
EndProject
Project("{FAE04EC0-301F-11D3-BF4B-00C04F79EFBC}") = "CashFlow.ServiceInterfaces", "code\CashFlow.ServiceInterfaces\CashFlow.ServiceInterfaces.csproj", "{C06FB83B-0A54-4472-A66D-5B1B75FBA186}"
EndProject
Project("{FAE04EC0-301F-11D3-BF4B-00C04F79EFBC}") = "CashFlow.UserService", "code\CashFlow.UserService\CashFlow.UserService.csproj", "{5813E4CA-8513-4805-B218-9018F9D15383}"
EndProject
Global
	GlobalSection(SolutionConfigurationPlatforms) = preSolution
		Debug|Any CPU = Debug|Any CPU
		Debug|x64 = Debug|x64
		Debug|x86 = Debug|x86
		Release|Any CPU = Release|Any CPU
		Release|x64 = Release|x64
		Release|x86 = Release|x86
	EndGlobalSection
	GlobalSection(SolutionProperties) = preSolution
		HideSolutionNode = FALSE
	EndGlobalSection
	GlobalSection(ProjectConfigurationPlatforms) = postSolution
		{89E3962F-4011-4CA9-9351-D8C9A596AF58}.Debug|Any CPU.ActiveCfg = Debug|Any CPU
		{89E3962F-4011-4CA9-9351-D8C9A596AF58}.Debug|Any CPU.Build.0 = Debug|Any CPU
		{89E3962F-4011-4CA9-9351-D8C9A596AF58}.Debug|x64.ActiveCfg = Debug|Any CPU
		{89E3962F-4011-4CA9-9351-D8C9A596AF58}.Debug|x64.Build.0 = Debug|Any CPU
		{89E3962F-4011-4CA9-9351-D8C9A596AF58}.Debug|x86.ActiveCfg = Debug|Any CPU
		{89E3962F-4011-4CA9-9351-D8C9A596AF58}.Debug|x86.Build.0 = Debug|Any CPU
		{89E3962F-4011-4CA9-9351-D8C9A596AF58}.Release|Any CPU.ActiveCfg = Release|Any CPU
		{89E3962F-4011-4CA9-9351-D8C9A596AF58}.Release|Any CPU.Build.0 = Release|Any CPU
		{89E3962F-4011-4CA9-9351-D8C9A596AF58}.Release|x64.ActiveCfg = Release|Any CPU
		{89E3962F-4011-4CA9-9351-D8C9A596AF58}.Release|x64.Build.0 = Release|Any CPU
		{89E3962F-4011-4CA9-9351-D8C9A596AF58}.Release|x86.ActiveCfg = Release|Any CPU
		{89E3962F-4011-4CA9-9351-D8C9A596AF58}.Release|x86.Build.0 = Release|Any CPU
		{F5396D73-2892-4775-B3DF-9E614ADC355D}.Debug|Any CPU.ActiveCfg = Debug|Any CPU
		{F5396D73-2892-4775-B3DF-9E614ADC355D}.Debug|Any CPU.Build.0 = Debug|Any CPU
		{F5396D73-2892-4775-B3DF-9E614ADC355D}.Debug|x64.ActiveCfg = Debug|Any CPU
		{F5396D73-2892-4775-B3DF-9E614ADC355D}.Debug|x64.Build.0 = Debug|Any CPU
		{F5396D73-2892-4775-B3DF-9E614ADC355D}.Debug|x86.ActiveCfg = Debug|Any CPU
		{F5396D73-2892-4775-B3DF-9E614ADC355D}.Debug|x86.Build.0 = Debug|Any CPU
		{F5396D73-2892-4775-B3DF-9E614ADC355D}.Release|Any CPU.ActiveCfg = Release|Any CPU
		{F5396D73-2892-4775-B3DF-9E614ADC355D}.Release|Any CPU.Build.0 = Release|Any CPU
		{F5396D73-2892-4775-B3DF-9E614ADC355D}.Release|x64.ActiveCfg = Release|Any CPU
		{F5396D73-2892-4775-B3DF-9E614ADC355D}.Release|x64.Build.0 = Release|Any CPU
		{F5396D73-2892-4775-B3DF-9E614ADC355D}.Release|x86.ActiveCfg = Release|Any CPU
		{F5396D73-2892-4775-B3DF-9E614ADC355D}.Release|x86.Build.0 = Release|Any CPU
		{C7672700-2267-4291-8B91-1E23499FA313}.Debug|Any CPU.ActiveCfg = Debug|Any CPU
		{C7672700-2267-4291-8B91-1E23499FA313}.Debug|Any CPU.Build.0 = Debug|Any CPU
		{C7672700-2267-4291-8B91-1E23499FA313}.Debug|x64.ActiveCfg = Debug|Any CPU
		{C7672700-2267-4291-8B91-1E23499FA313}.Debug|x64.Build.0 = Debug|Any CPU
		{C7672700-2267-4291-8B91-1E23499FA313}.Debug|x86.ActiveCfg = Debug|Any CPU
		{C7672700-2267-4291-8B91-1E23499FA313}.Debug|x86.Build.0 = Debug|Any CPU
		{C7672700-2267-4291-8B91-1E23499FA313}.Release|Any CPU.ActiveCfg = Release|Any CPU
		{C7672700-2267-4291-8B91-1E23499FA313}.Release|Any CPU.Build.0 = Release|Any CPU
		{C7672700-2267-4291-8B91-1E23499FA313}.Release|x64.ActiveCfg = Release|Any CPU
		{C7672700-2267-4291-8B91-1E23499FA313}.Release|x64.Build.0 = Release|Any CPU
		{C7672700-2267-4291-8B91-1E23499FA313}.Release|x86.ActiveCfg = Release|Any CPU
		{C7672700-2267-4291-8B91-1E23499FA313}.Release|x86.Build.0 = Release|Any CPU
		{C06FB83B-0A54-4472-A66D-5B1B75FBA186}.Debug|Any CPU.ActiveCfg = Debug|Any CPU
		{C06FB83B-0A54-4472-A66D-5B1B75FBA186}.Debug|Any CPU.Build.0 = Debug|Any CPU
		{C06FB83B-0A54-4472-A66D-5B1B75FBA186}.Debug|x64.ActiveCfg = Debug|Any CPU
		{C06FB83B-0A54-4472-A66D-5B1B75FBA186}.Debug|x64.Build.0 = Debug|Any CPU
		{C06FB83B-0A54-4472-A66D-5B1B75FBA186}.Debug|x86.ActiveCfg = Debug|Any CPU
		{C06FB83B-0A54-4472-A66D-5B1B75FBA186}.Debug|x86.Build.0 = Debug|Any CPU
		{C06FB83B-0A54-4472-A66D-5B1B75FBA186}.Release|Any CPU.ActiveCfg = Release|Any CPU
		{C06FB83B-0A54-4472-A66D-5B1B75FBA186}.Release|Any CPU.Build.0 = Release|Any CPU
		{C06FB83B-0A54-4472-A66D-5B1B75FBA186}.Release|x64.ActiveCfg = Release|Any CPU
		{C06FB83B-0A54-4472-A66D-5B1B75FBA186}.Release|x64.Build.0 = Release|Any CPU
		{C06FB83B-0A54-4472-A66D-5B1B75FBA186}.Release|x86.ActiveCfg = Release|Any CPU
		{C06FB83B-0A54-4472-A66D-5B1B75FBA186}.Release|x86.Build.0 = Release|Any CPU
		{5813E4CA-8513-4805-B218-9018F9D15383}.Debug|Any CPU.ActiveCfg = Debug|Any CPU
		{5813E4CA-8513-4805-B218-9018F9D15383}.Debug|Any CPU.Build.0 = Debug|Any CPU
		{5813E4CA-8513-4805-B218-9018F9D15383}.Debug|x64.ActiveCfg = Debug|Any CPU
		{5813E4CA-8513-4805-B218-9018F9D15383}.Debug|x64.Build.0 = Debug|Any CPU
		{5813E4CA-8513-4805-B218-9018F9D15383}.Debug|x86.ActiveCfg = Debug|Any CPU
		{5813E4CA-8513-4805-B218-9018F9D15383}.Debug|x86.Build.0 = Debug|Any CPU
		{5813E4CA-8513-4805-B218-9018F9D15383}.Release|Any CPU.ActiveCfg = Release|Any CPU
		{5813E4CA-8513-4805-B218-9018F9D15383}.Release|Any CPU.Build.0 = Release|Any CPU
		{5813E4CA-8513-4805-B218-9018F9D15383}.Release|x64.ActiveCfg = Release|Any CPU
		{5813E4CA-8513-4805-B218-9018F9D15383}.Release|x64.Build.0 = Release|Any CPU
		{5813E4CA-8513-4805-B218-9018F9D15383}.Release|x86.ActiveCfg = Release|Any CPU
		{5813E4CA-8513-4805-B218-9018F9D15383}.Release|x86.Build.0 = Release|Any CPU
	EndGlobalSection
	GlobalSection(NestedProjects) = preSolution
		{F5396D73-2892-4775-B3DF-9E614ADC355D} = {86A707A5-3B4C-46CF-B0F3-4B3660781E75}
		{C7672700-2267-4291-8B91-1E23499FA313} = {A14157B2-7CA8-4DEF-9308-A00B31137E02}
		{C06FB83B-0A54-4472-A66D-5B1B75FBA186} = {A14157B2-7CA8-4DEF-9308-A00B31137E02}
		{5813E4CA-8513-4805-B218-9018F9D15383} = {A14157B2-7CA8-4DEF-9308-A00B31137E02}
	EndGlobalSection
EndGlobal
