
Microsoft Visual Studio Solution File, Format Version 12.00
# Visual Studio Version 17
VisualStudioVersion = 17.5.001.0
MinimumVisualStudioVersion = 10.0.40219.1
Project("{9A19103F-16F7-4668-BE54-9A1E7A4F7556}") = "API_RoleBased_Swagger", "API_RoleBased_Swagger.csproj", "{57981063-B3B8-479D-B9E4-8FC1AA7C6D88}"
EndProject
Global
	GlobalSection(SolutionConfigurationPlatforms) = preSolution
		Debug|Any CPU = Debug|Any CPU
		Release|Any CPU = Release|Any CPU
	EndGlobalSection
	GlobalSection(ProjectConfigurationPlatforms) = postSolution
		{57981063-B3B8-479D-B9E4-8FC1AA7C6D88}.Debug|Any CPU.ActiveCfg = Debug|Any CPU
		{57981063-B3B8-479D-B9E4-8FC1AA7C6D88}.Debug|Any CPU.Build.0 = Debug|Any CPU
		{57981063-B3B8-479D-B9E4-8FC1AA7C6D88}.Release|Any CPU.ActiveCfg = Release|Any CPU
		{57981063-B3B8-479D-B9E4-8FC1AA7C6D88}.Release|Any CPU.Build.0 = Release|Any CPU
	EndGlobalSection
	GlobalSection(SolutionProperties) = preSolution
		HideSolutionNode = FALSE
	EndGlobalSection
	GlobalSection(ExtensibilityGlobals) = postSolution
		SolutionGuid = {378C063B-61A1-477E-9C44-B98E9423A85C}
	EndGlobalSection
EndGlobal
