
Microsoft Visual Studio Solution File, Format Version 12.00
# Visual Studio 15
VisualStudioVersion = 15.0.28010.2016
MinimumVisualStudioVersion = 10.0.40219.1
Project("{9A19103F-16F7-4668-BE54-9A1E7A4F7556}") = "TodoWebAPI", "TodoWebAPI\TodoWebAPI.csproj", "{CDAC1E53-13B2-4A1B-8F65-8FB4BCAC52D7}"
EndProject
Project("{9A19103F-16F7-4668-BE54-9A1E7A4F7556}") = "TodoWebAPI.Core.Models", "TodoWebAPI.Core.Models\TodoWebAPI.Core.Models.csproj", "{9EAFA3BE-02FC-4181-8D03-843F319C6A7B}"
EndProject
Project("{9A19103F-16F7-4668-BE54-9A1E7A4F7556}") = "TodoWebAPI.Core.Interfaces", "TodoWebAPI.Core.Interfaces\TodoWebAPI.Core.Interfaces.csproj", "{02F82F27-F2F4-4059-A827-7389D18D49C2}"
EndProject
Project("{2150E333-8FDC-42A3-9474-1A3956D46DE8}") = "01.Core", "01.Core", "{3F02BAB5-2724-42E2-9C6F-E1C0D849274F}"
EndProject
Project("{2150E333-8FDC-42A3-9474-1A3956D46DE8}") = "02.ServicesInterfaces", "02.ServicesInterfaces", "{5A7C9F22-9013-4635-BAC7-C2BA9DB7738C}"
EndProject
Project("{9A19103F-16F7-4668-BE54-9A1E7A4F7556}") = "TodoWebAPI.ServicesInterfaces", "TodoWebAPI.ServicesInterfaces\TodoWebAPI.ServicesInterfaces.csproj", "{06740674-072A-457C-BB55-F3A147EA4B82}"
EndProject
Project("{2150E333-8FDC-42A3-9474-1A3956D46DE8}") = "03.Services", "03.Services", "{A68B5645-E957-46CD-8B51-2D5DE116C2A3}"
EndProject
Project("{9A19103F-16F7-4668-BE54-9A1E7A4F7556}") = "TodoWebAPI.Service", "TodoWebAPI.Service\TodoWebAPI.Service.csproj", "{B1CEF6AE-7941-432A-BB49-03FEE13B14E0}"
EndProject
Project("{9A19103F-16F7-4668-BE54-9A1E7A4F7556}") = "TodoWebAPI.Infra.Repo.EFTodo", "TodoWebAPI.Infra.Repo.EFTodo\TodoWebAPI.Infra.Repo.EFTodo.csproj", "{6E06BEEA-E07A-43F2-8F5C-6D117A0DD907}"
EndProject
Project("{2150E333-8FDC-42A3-9474-1A3956D46DE8}") = "04.Infra", "04.Infra", "{EBE8410F-9C89-4CAF-B29B-F4784C676DCB}"
EndProject
Project("{2150E333-8FDC-42A3-9474-1A3956D46DE8}") = "Repo", "Repo", "{77149A1B-AEC5-44A8-ADF8-EEADDEBCC042}"
EndProject
Project("{2150E333-8FDC-42A3-9474-1A3956D46DE8}") = "05.UX", "05.UX", "{2E9373D8-3610-482A-914A-9F3E2042493C}"
EndProject
Project("{2150E333-8FDC-42A3-9474-1A3956D46DE8}") = "Cache", "Cache", "{0932A902-24A2-4A68-BE47-1EB4CDFA06A2}"
EndProject
Project("{FAE04EC0-301F-11D3-BF4B-00C04F79EFBC}") = "TodoWebAPI.Infra.Cache.MemoryCaching", "TodoWebAPI.Infra.Cache.MemoryCaching\TodoWebAPI.Infra.Cache.MemoryCaching.csproj", "{3D16066A-B87A-4C53-9EBA-DE39B1C4BB15}"
EndProject
Global
	GlobalSection(SolutionConfigurationPlatforms) = preSolution
		Debug|Any CPU = Debug|Any CPU
		Release|Any CPU = Release|Any CPU
	EndGlobalSection
	GlobalSection(ProjectConfigurationPlatforms) = postSolution
		{CDAC1E53-13B2-4A1B-8F65-8FB4BCAC52D7}.Debug|Any CPU.ActiveCfg = Debug|Any CPU
		{CDAC1E53-13B2-4A1B-8F65-8FB4BCAC52D7}.Debug|Any CPU.Build.0 = Debug|Any CPU
		{CDAC1E53-13B2-4A1B-8F65-8FB4BCAC52D7}.Release|Any CPU.ActiveCfg = Release|Any CPU
		{CDAC1E53-13B2-4A1B-8F65-8FB4BCAC52D7}.Release|Any CPU.Build.0 = Release|Any CPU
		{9EAFA3BE-02FC-4181-8D03-843F319C6A7B}.Debug|Any CPU.ActiveCfg = Debug|Any CPU
		{9EAFA3BE-02FC-4181-8D03-843F319C6A7B}.Debug|Any CPU.Build.0 = Debug|Any CPU
		{9EAFA3BE-02FC-4181-8D03-843F319C6A7B}.Release|Any CPU.ActiveCfg = Release|Any CPU
		{9EAFA3BE-02FC-4181-8D03-843F319C6A7B}.Release|Any CPU.Build.0 = Release|Any CPU
		{02F82F27-F2F4-4059-A827-7389D18D49C2}.Debug|Any CPU.ActiveCfg = Debug|Any CPU
		{02F82F27-F2F4-4059-A827-7389D18D49C2}.Debug|Any CPU.Build.0 = Debug|Any CPU
		{02F82F27-F2F4-4059-A827-7389D18D49C2}.Release|Any CPU.ActiveCfg = Release|Any CPU
		{02F82F27-F2F4-4059-A827-7389D18D49C2}.Release|Any CPU.Build.0 = Release|Any CPU
		{06740674-072A-457C-BB55-F3A147EA4B82}.Debug|Any CPU.ActiveCfg = Debug|Any CPU
		{06740674-072A-457C-BB55-F3A147EA4B82}.Debug|Any CPU.Build.0 = Debug|Any CPU
		{06740674-072A-457C-BB55-F3A147EA4B82}.Release|Any CPU.ActiveCfg = Release|Any CPU
		{06740674-072A-457C-BB55-F3A147EA4B82}.Release|Any CPU.Build.0 = Release|Any CPU
		{B1CEF6AE-7941-432A-BB49-03FEE13B14E0}.Debug|Any CPU.ActiveCfg = Debug|Any CPU
		{B1CEF6AE-7941-432A-BB49-03FEE13B14E0}.Debug|Any CPU.Build.0 = Debug|Any CPU
		{B1CEF6AE-7941-432A-BB49-03FEE13B14E0}.Release|Any CPU.ActiveCfg = Release|Any CPU
		{B1CEF6AE-7941-432A-BB49-03FEE13B14E0}.Release|Any CPU.Build.0 = Release|Any CPU
		{6E06BEEA-E07A-43F2-8F5C-6D117A0DD907}.Debug|Any CPU.ActiveCfg = Debug|Any CPU
		{6E06BEEA-E07A-43F2-8F5C-6D117A0DD907}.Debug|Any CPU.Build.0 = Debug|Any CPU
		{6E06BEEA-E07A-43F2-8F5C-6D117A0DD907}.Release|Any CPU.ActiveCfg = Release|Any CPU
		{6E06BEEA-E07A-43F2-8F5C-6D117A0DD907}.Release|Any CPU.Build.0 = Release|Any CPU
		{3D16066A-B87A-4C53-9EBA-DE39B1C4BB15}.Debug|Any CPU.ActiveCfg = Debug|Any CPU
		{3D16066A-B87A-4C53-9EBA-DE39B1C4BB15}.Debug|Any CPU.Build.0 = Debug|Any CPU
		{3D16066A-B87A-4C53-9EBA-DE39B1C4BB15}.Release|Any CPU.ActiveCfg = Release|Any CPU
		{3D16066A-B87A-4C53-9EBA-DE39B1C4BB15}.Release|Any CPU.Build.0 = Release|Any CPU
	EndGlobalSection
	GlobalSection(SolutionProperties) = preSolution
		HideSolutionNode = FALSE
	EndGlobalSection
	GlobalSection(NestedProjects) = preSolution
		{CDAC1E53-13B2-4A1B-8F65-8FB4BCAC52D7} = {2E9373D8-3610-482A-914A-9F3E2042493C}
		{9EAFA3BE-02FC-4181-8D03-843F319C6A7B} = {3F02BAB5-2724-42E2-9C6F-E1C0D849274F}
		{02F82F27-F2F4-4059-A827-7389D18D49C2} = {3F02BAB5-2724-42E2-9C6F-E1C0D849274F}
		{06740674-072A-457C-BB55-F3A147EA4B82} = {5A7C9F22-9013-4635-BAC7-C2BA9DB7738C}
		{B1CEF6AE-7941-432A-BB49-03FEE13B14E0} = {A68B5645-E957-46CD-8B51-2D5DE116C2A3}
		{6E06BEEA-E07A-43F2-8F5C-6D117A0DD907} = {77149A1B-AEC5-44A8-ADF8-EEADDEBCC042}
		{77149A1B-AEC5-44A8-ADF8-EEADDEBCC042} = {EBE8410F-9C89-4CAF-B29B-F4784C676DCB}
		{0932A902-24A2-4A68-BE47-1EB4CDFA06A2} = {EBE8410F-9C89-4CAF-B29B-F4784C676DCB}
		{3D16066A-B87A-4C53-9EBA-DE39B1C4BB15} = {0932A902-24A2-4A68-BE47-1EB4CDFA06A2}
	EndGlobalSection
	GlobalSection(ExtensibilityGlobals) = postSolution
		SolutionGuid = {0090822D-2E45-46EC-A37C-3D2127E284F0}
	EndGlobalSection
EndGlobal
